{
  "version": 4,
  "terraform_version": "1.6.6",
  "serial": 57,
  "lineage": "691d4d7e-a010-c745-195a-2fc2ee3927f5",
  "outputs": {},
  "resources": [
    {
      "mode": "data",
      "type": "archive_file",
      "name": "function_archive",
      "provider": "provider[\"registry.terraform.io/hashicorp/archive\"]",
      "instances": [
        {
          "schema_version": 0,
          "attributes": {
            "exclude_symlink_directories": null,
            "excludes": null,
            "id": "78645386c5b2d639b62911c469e3501da1a9c68c",
            "output_base64sha256": "dKrBEo0aACkGNQ3gtN/fgEZLTqSbdYVCqRcBWUNpSSM=",
            "output_base64sha512": "11fvSCNX/mc5/1go4V5NXaVcDfKt7Ol5XAtxavQrNxADbu/Wz4xI2B/X9se3Y0NjwYZFCAE1guMSeC1Z6KwVWA==",
            "output_file_mode": null,
            "output_md5": "58edf421600b23b8a8a62c80388d4dcf",
            "output_path": "app/action.zip",
            "output_sha": "78645386c5b2d639b62911c469e3501da1a9c68c",
            "output_sha256": "74aac1128d1a002906350de0b4dfdf80464b4ea49b758542a917015943694923",
            "output_sha512": "d757ef482357fe6739ff5828e15e4d5da55c0df2adece9795c0b716af42b3710036eefd6cf8c48d81fd7f6c7b7634363c1864508013582e312782d59e8ac1558",
            "output_size": 10044771,
            "source": [],
            "source_content": null,
            "source_content_filename": null,
            "source_dir": "app",
            "source_file": null,
            "type": "zip"
          },
          "sensitive_attributes": []
        }
      ]
    },
    {
      "mode": "data",
      "type": "google_project",
      "name": "project",
      "provider": "provider[\"registry.terraform.io/hashicorp/google\"]",
      "instances": [
        {
          "schema_version": 0,
          "attributes": {
            "auto_create_network": null,
            "billing_account": null,
            "effective_labels": {},
            "folder_id": null,
            "id": "projects/bigquery-example-403506",
            "labels": {},
            "name": "bigquery-example",
            "number": "963124953244",
            "org_id": null,
            "project_id": "bigquery-example-403506",
            "skip_delete": null,
            "terraform_labels": {}
          },
          "sensitive_attributes": []
        }
      ]
    },
    {
      "mode": "managed",
      "type": "google_cloudfunctions2_function",
      "name": "default",
      "provider": "provider[\"registry.terraform.io/hashicorp/google\"]",
      "instances": [
        {
          "schema_version": 0,
          "attributes": {
            "build_config": [
              {
                "build": "projects/963124953244/locations/us-central1/builds/95ac3857-57a2-49b1-a7b8-7702c11adae1",
                "docker_repository": "",
                "entry_point": "HelloHTTP",
                "environment_variables": {
                  "BUILD_CONFIG_TEST": "build_test"
                },
                "runtime": "go121",
                "source": [
                  {
                    "repo_source": [],
                    "storage_source": [
                      {
                        "bucket": "go-bigquery-bucket",
                        "generation": 1704230688574473,
                        "object": "action.zip"
                      }
                    ]
                  }
                ],
                "worker_pool": ""
              }
            ],
            "description": "a new function",
            "effective_labels": {},
            "environment": "GEN_2",
            "event_trigger": [
              {
                "event_filters": [
                  {
                    "attribute": "methodName",
                    "operator": "",
                    "value": "jobservice.jobcompleted"
                  },
                  {
                    "attribute": "resourceName",
                    "operator": "match-path-pattern",
                    "value": "/projects/bigquery-example-403506/jobs/*"
                  },
                  {
                    "attribute": "serviceName",
                    "operator": "",
                    "value": "bigquerydatapolicy.googleapis.com"
                  }
                ],
                "event_type": "google.cloud.audit.log.v1.written",
                "pubsub_topic": "projects/bigquery-example-403506/topics/eventarc-us-central1-function-test-970498-112",
                "retry_policy": "RETRY_POLICY_RETRY",
                "service_account_email": "test-gcf-sa@bigquery-example-403506.iam.gserviceaccount.com",
                "trigger": "projects/bigquery-example-403506/locations/us-central1/triggers/function-test-970498",
                "trigger_region": "us-central1"
              }
            ],
            "id": "projects/bigquery-example-403506/locations/us-central1/functions/function-test",
            "kms_key_name": "",
            "labels": {},
            "location": "us-central1",
            "name": "function-test",
            "project": "bigquery-example-403506",
            "service_config": [
              {
                "all_traffic_on_latest_revision": true,
                "available_cpu": "0.1666",
                "available_memory": "256M",
                "environment_variables": {
                  "SERVICE_CONFIG_TEST": "config_test"
                },
                "gcf_uri": "",
                "ingress_settings": "ALLOW_INTERNAL_ONLY",
                "max_instance_count": 3,
                "max_instance_request_concurrency": 1,
                "min_instance_count": 1,
                "secret_environment_variables": [],
                "secret_volumes": [],
                "service": "projects/bigquery-example-403506/locations/us-central1/services/function-test",
                "service_account_email": "test-gcf-sa@bigquery-example-403506.iam.gserviceaccount.com",
                "timeout_seconds": 60,
                "uri": "https://function-test-cbr7j37eaa-uc.a.run.app",
                "vpc_connector": "",
                "vpc_connector_egress_settings": ""
              }
            ],
            "state": "ACTIVE",
            "terraform_labels": {},
            "timeouts": null,
            "update_time": "2024-01-02T21:26:40.281092478Z",
            "url": "https://us-central1-bigquery-example-403506.cloudfunctions.net/function-test"
          },
          "sensitive_attributes": [],
          "private": "eyJlMmJmYjczMC1lY2FhLTExZTYtOGY4OC0zNDM2M2JjN2M0YzAiOnsiY3JlYXRlIjozNjAwMDAwMDAwMDAwLCJkZWxldGUiOjM2MDAwMDAwMDAwMDAsInVwZGF0ZSI6MzYwMDAwMDAwMDAwMH19",
          "dependencies": [
            "data.archive_file.function_archive",
            "data.google_project.project",
            "google_project_iam_member.artifactregistry_reader",
            "google_project_iam_member.event_receiving",
            "google_project_iam_member.invoking",
            "google_service_account.default",
            "google_storage_bucket.source_bucket",
            "google_storage_bucket_object.archive"
          ]
        }
      ]
    },
    {
      "mode": "managed",
      "type": "google_project_iam_audit_config",
      "name": "audit-config",
      "provider": "provider[\"registry.terraform.io/hashicorp/google\"]",
      "instances": [
        {
          "index_key": "bigquerydatapolicy.googleapis.com",
          "schema_version": 0,
          "attributes": {
            "audit_log_config": [
              {
                "exempted_members": [],
                "log_type": "ADMIN_READ"
              },
              {
                "exempted_members": [],
                "log_type": "DATA_READ"
              },
              {
                "exempted_members": [],
                "log_type": "DATA_WRITE"
              }
            ],
            "etag": "BwYN/MeDFZc=",
            "id": "bigquery-example-403506/audit_config/bigquerydatapolicy.googleapis.com",
            "project": "bigquery-example-403506",
            "service": "bigquerydatapolicy.googleapis.com"
          },
          "sensitive_attributes": [],
          "private": "bnVsbA=="
        }
      ]
    },
    {
      "mode": "managed",
      "type": "google_project_iam_member",
      "name": "artifactregistry_reader",
      "provider": "provider[\"registry.terraform.io/hashicorp/google\"]",
      "instances": [
        {
          "schema_version": 0,
          "attributes": {
            "condition": [],
            "etag": "BwYN/MeDFZc=",
            "id": "bigquery-example-403506/roles/artifactregistry.reader/serviceAccount:test-gcf-sa@bigquery-example-403506.iam.gserviceaccount.com",
            "member": "serviceAccount:test-gcf-sa@bigquery-example-403506.iam.gserviceaccount.com",
            "project": "bigquery-example-403506",
            "role": "roles/artifactregistry.reader"
          },
          "sensitive_attributes": [],
          "private": "bnVsbA==",
          "dependencies": [
            "data.google_project.project",
            "google_project_iam_member.event_receiving",
            "google_project_iam_member.invoking",
            "google_service_account.default"
          ]
        }
      ]
    },
    {
      "mode": "managed",
      "type": "google_project_iam_member",
      "name": "event_receiving",
      "provider": "provider[\"registry.terraform.io/hashicorp/google\"]",
      "instances": [
        {
          "schema_version": 0,
          "attributes": {
            "condition": [],
            "etag": "BwYN/MeDFZc=",
            "id": "bigquery-example-403506/roles/eventarc.eventReceiver/serviceAccount:test-gcf-sa@bigquery-example-403506.iam.gserviceaccount.com",
            "member": "serviceAccount:test-gcf-sa@bigquery-example-403506.iam.gserviceaccount.com",
            "project": "bigquery-example-403506",
            "role": "roles/eventarc.eventReceiver"
          },
          "sensitive_attributes": [],
          "private": "bnVsbA==",
          "dependencies": [
            "data.google_project.project",
            "google_project_iam_member.invoking",
            "google_service_account.default"
          ]
        }
      ]
    },
    {
      "mode": "managed",
      "type": "google_project_iam_member",
      "name": "invoking",
      "provider": "provider[\"registry.terraform.io/hashicorp/google\"]",
      "instances": [
        {
          "schema_version": 0,
          "attributes": {
            "condition": [],
            "etag": "BwYN/MeDFZc=",
            "id": "bigquery-example-403506/roles/run.invoker/serviceAccount:test-gcf-sa@bigquery-example-403506.iam.gserviceaccount.com",
            "member": "serviceAccount:test-gcf-sa@bigquery-example-403506.iam.gserviceaccount.com",
            "project": "bigquery-example-403506",
            "role": "roles/run.invoker"
          },
          "sensitive_attributes": [],
          "private": "bnVsbA==",
          "dependencies": [
            "data.google_project.project",
            "google_service_account.default"
          ]
        }
      ]
    },
    {
      "mode": "managed",
      "type": "google_service_account",
      "name": "default",
      "provider": "provider[\"registry.terraform.io/hashicorp/google\"]",
      "instances": [
        {
          "schema_version": 0,
          "attributes": {
            "account_id": "test-gcf-sa",
            "description": "",
            "disabled": false,
            "display_name": "Test Service Account - used for both the cloud function and eventarc trigger in the test",
            "email": "test-gcf-sa@bigquery-example-403506.iam.gserviceaccount.com",
            "id": "projects/bigquery-example-403506/serviceAccounts/test-gcf-sa@bigquery-example-403506.iam.gserviceaccount.com",
            "member": "serviceAccount:test-gcf-sa@bigquery-example-403506.iam.gserviceaccount.com",
            "name": "projects/bigquery-example-403506/serviceAccounts/test-gcf-sa@bigquery-example-403506.iam.gserviceaccount.com",
            "project": "bigquery-example-403506",
            "timeouts": null,
            "unique_id": "100583833621359143415"
          },
          "sensitive_attributes": [],
          "private": "eyJlMmJmYjczMC1lY2FhLTExZTYtOGY4OC0zNDM2M2JjN2M0YzAiOnsiY3JlYXRlIjozMDAwMDAwMDAwMDB9fQ=="
        }
      ]
    },
    {
      "mode": "managed",
      "type": "google_storage_bucket",
      "name": "audit_log_bucket",
      "provider": "provider[\"registry.terraform.io/hashicorp/google\"]",
      "instances": [
        {
          "schema_version": 1,
          "attributes": {
            "autoclass": [],
            "cors": [],
            "custom_placement_config": [],
            "default_event_based_hold": false,
            "effective_labels": {},
            "enable_object_retention": false,
            "encryption": [],
            "force_destroy": false,
            "id": "508136668cfe8356-gcf-auditlog-bucket",
            "labels": {},
            "lifecycle_rule": [],
            "location": "US-CENTRAL1",
            "logging": [],
            "name": "508136668cfe8356-gcf-auditlog-bucket",
            "project": "bigquery-example-403506",
            "public_access_prevention": "inherited",
            "requester_pays": false,
            "retention_policy": [],
            "rpo": null,
            "self_link": "https://www.googleapis.com/storage/v1/b/508136668cfe8356-gcf-auditlog-bucket",
            "storage_class": "STANDARD",
            "terraform_labels": {},
            "timeouts": null,
            "uniform_bucket_level_access": true,
            "url": "gs://508136668cfe8356-gcf-auditlog-bucket",
            "versioning": [],
            "website": []
          },
          "sensitive_attributes": [],
          "private": "eyJlMmJmYjczMC1lY2FhLTExZTYtOGY4OC0zNDM2M2JjN2M0YzAiOnsiY3JlYXRlIjo2MDAwMDAwMDAwMDAsInJlYWQiOjI0MDAwMDAwMDAwMCwidXBkYXRlIjoyNDAwMDAwMDAwMDB9LCJzY2hlbWFfdmVyc2lvbiI6IjEifQ==",
          "dependencies": [
            "random_id.bucket_prefix"
          ]
        }
      ]
    },
    {
      "mode": "managed",
      "type": "google_storage_bucket",
      "name": "source_bucket",
      "provider": "provider[\"registry.terraform.io/hashicorp/google\"]",
      "instances": [
        {
          "schema_version": 1,
          "attributes": {
            "autoclass": [],
            "cors": [],
            "custom_placement_config": [],
            "default_event_based_hold": false,
            "effective_labels": {},
            "enable_object_retention": false,
            "encryption": [],
            "force_destroy": false,
            "id": "go-bigquery-bucket",
            "labels": {},
            "lifecycle_rule": [],
            "location": "US",
            "logging": [],
            "name": "go-bigquery-bucket",
            "project": "bigquery-example-403506",
            "public_access_prevention": "inherited",
            "requester_pays": false,
            "retention_policy": [],
            "rpo": "DEFAULT",
            "self_link": "https://www.googleapis.com/storage/v1/b/go-bigquery-bucket",
            "storage_class": "STANDARD",
            "terraform_labels": {},
            "timeouts": null,
            "uniform_bucket_level_access": true,
            "url": "gs://go-bigquery-bucket",
            "versioning": [],
            "website": []
          },
          "sensitive_attributes": [],
          "private": "eyJlMmJmYjczMC1lY2FhLTExZTYtOGY4OC0zNDM2M2JjN2M0YzAiOnsiY3JlYXRlIjo2MDAwMDAwMDAwMDAsInJlYWQiOjI0MDAwMDAwMDAwMCwidXBkYXRlIjoyNDAwMDAwMDAwMDB9LCJzY2hlbWFfdmVyc2lvbiI6IjEifQ=="
        }
      ]
    },
    {
      "mode": "managed",
      "type": "google_storage_bucket_object",
      "name": "archive",
      "provider": "provider[\"registry.terraform.io/hashicorp/google\"]",
      "instances": [
        {
          "schema_version": 0,
          "attributes": {
            "bucket": "go-bigquery-bucket",
            "cache_control": "",
            "content": null,
            "content_disposition": "",
            "content_encoding": "",
            "content_language": "",
            "content_type": "application/zip",
            "crc32c": "s10n1A==",
            "customer_encryption": [],
            "detect_md5hash": "WO30IWALI7iopiyAOI1Nzw==",
            "event_based_hold": false,
            "id": "go-bigquery-bucket-action.zip",
            "kms_key_name": "",
            "md5hash": "WO30IWALI7iopiyAOI1Nzw==",
            "media_link": "https://storage.googleapis.com/download/storage/v1/b/go-bigquery-bucket/o/action.zip?generation=1704228258069669\u0026alt=media",
            "metadata": {},
            "name": "action.zip",
            "output_name": "action.zip",
            "retention": [],
            "self_link": "https://www.googleapis.com/storage/v1/b/go-bigquery-bucket/o/action.zip",
            "source": "app/action.zip",
            "storage_class": "STANDARD",
            "temporary_hold": false,
            "timeouts": null
          },
          "sensitive_attributes": [],
          "private": "eyJlMmJmYjczMC1lY2FhLTExZTYtOGY4OC0zNDM2M2JjN2M0YzAiOnsiY3JlYXRlIjoyNDAwMDAwMDAwMDAsImRlbGV0ZSI6MjQwMDAwMDAwMDAwLCJ1cGRhdGUiOjI0MDAwMDAwMDAwMH19",
          "dependencies": [
            "data.archive_file.function_archive",
            "google_storage_bucket.source_bucket"
          ]
        }
      ]
    },
    {
      "mode": "managed",
      "type": "random_id",
      "name": "bucket_prefix",
      "provider": "provider[\"registry.terraform.io/hashicorp/random\"]",
      "instances": [
        {
          "schema_version": 0,
          "attributes": {
            "b64_std": "UIE2Zoz+g1Y=",
            "b64_url": "UIE2Zoz-g1Y",
            "byte_length": 8,
            "dec": "5800977609109963606",
            "hex": "508136668cfe8356",
            "id": "UIE2Zoz-g1Y",
            "keepers": null,
            "prefix": null
          },
          "sensitive_attributes": []
        }
      ]
    }
  ],
  "check_results": null
}
