{
  "version": 4,
  "terraform_version": "1.6.6",
  "serial": 264,
  "lineage": "691d4d7e-a010-c745-195a-2fc2ee3927f5",
  "outputs": {},
  "resources": [
    {
      "mode": "data",
      "type": "archive_file",
      "name": "function_archive",
      "provider": "provider[\"registry.terraform.io/hashicorp/archive\"]",
      "instances": [
        {
          "schema_version": 0,
          "attributes": {
            "exclude_symlink_directories": null,
            "excludes": null,
            "id": "8a3f5f4783cbbdea06c07dcf8097e22dbbbb073f",
            "output_base64sha256": "Bg3X267lhFj/09SHS84AldSshu3WuB1F7hzK/JM8JFs=",
            "output_base64sha512": "4myYwpHcYeIyazqFt3BHgfThVs6hDt7gjssIGjsf9MBPE62z/bzDYbWq5dBQLUEW2XJWGnPGZcA/5BbOMqvzSQ==",
            "output_file_mode": null,
            "output_md5": "09d9eed384e3188f2288032dd0b407b0",
            "output_path": "app/action_240104051952.zip",
            "output_sha": "8a3f5f4783cbbdea06c07dcf8097e22dbbbb073f",
            "output_sha256": "060dd7dbaee58458ffd3d4874bce0095d4ac86edd6b81d45ee1ccafc933c245b",
            "output_sha512": "e26c98c291dc61e2326b3a85b7704781f4e156cea10edee08ecb081a3b1ff4c04f13adb3fdbcc361b5aae5d0502d4116d972561a73c665c03fe416ce32abf349",
            "output_size": 90347269,
            "source": [],
            "source_content": null,
            "source_content_filename": null,
            "source_dir": "app",
            "source_file": null,
            "type": "zip"
          },
          "sensitive_attributes": []
        }
      ]
    },
    {
      "mode": "data",
      "type": "google_project",
      "name": "project",
      "provider": "provider[\"registry.terraform.io/hashicorp/google\"]",
      "instances": [
        {
          "schema_version": 0,
          "attributes": {
            "auto_create_network": null,
            "billing_account": null,
            "effective_labels": {},
            "folder_id": null,
            "id": "projects/bigquery-example-403506",
            "labels": {},
            "name": "bigquery-example",
            "number": "963124953244",
            "org_id": null,
            "project_id": "bigquery-example-403506",
            "skip_delete": null,
            "terraform_labels": {}
          },
          "sensitive_attributes": []
        }
      ]
    },
    {
      "mode": "managed",
      "type": "google_cloudfunctions2_function",
      "name": "default",
      "provider": "provider[\"registry.terraform.io/hashicorp/google\"]",
      "instances": [
        {
          "schema_version": 0,
          "attributes": {
            "build_config": [
              {
                "build": "projects/963124953244/locations/us-central1/builds/6223d041-df1f-4e73-91f6-151d4d9e6652",
                "docker_repository": "",
                "entry_point": "HelloAuditLog",
                "environment_variables": {
                  "PROJECT_ID": "bigquery-example-403506"
                },
                "runtime": "go121",
                "source": [
                  {
                    "repo_source": [],
                    "storage_source": [
                      {
                        "bucket": "go-bigquery-bucket",
                        "generation": 1704345606682118,
                        "object": "action_240104051952.zip"
                      }
                    ]
                  }
                ],
                "worker_pool": ""
              }
            ],
            "description": "a new function",
            "effective_labels": {},
            "environment": "GEN_2",
            "event_trigger": [
              {
                "event_filters": [
                  {
                    "attribute": "methodName",
                    "operator": "",
                    "value": "jobservice.jobcompleted"
                  },
                  {
                    "attribute": "serviceName",
                    "operator": "",
                    "value": "bigquery.googleapis.com"
                  }
                ],
                "event_type": "google.cloud.audit.log.v1.written",
                "pubsub_topic": "projects/bigquery-example-403506/topics/eventarc-us-central1-function-test-334986-693",
                "retry_policy": "RETRY_POLICY_RETRY",
                "service_account_email": "test-gcf-sa@bigquery-example-403506.iam.gserviceaccount.com",
                "trigger": "projects/bigquery-example-403506/locations/us-central1/triggers/function-test-334986",
                "trigger_region": "us-central1"
              }
            ],
            "id": "projects/bigquery-example-403506/locations/us-central1/functions/function-test",
            "kms_key_name": "",
            "labels": null,
            "location": "us-central1",
            "name": "function-test",
            "project": "bigquery-example-403506",
            "service_config": [
              {
                "all_traffic_on_latest_revision": true,
                "available_cpu": "0.1666",
                "available_memory": "256M",
                "environment_variables": {
                  "SERVICE_CONFIG_TEST": "config_test"
                },
                "gcf_uri": "",
                "ingress_settings": "ALLOW_INTERNAL_ONLY",
                "max_instance_count": 3,
                "max_instance_request_concurrency": 1,
                "min_instance_count": 1,
                "secret_environment_variables": [],
                "secret_volumes": [],
                "service": "projects/bigquery-example-403506/locations/us-central1/services/function-test",
                "service_account_email": "test-gcf-sa@bigquery-example-403506.iam.gserviceaccount.com",
                "timeout_seconds": 60,
                "uri": "https://function-test-cbr7j37eaa-uc.a.run.app",
                "vpc_connector": "",
                "vpc_connector_egress_settings": ""
              }
            ],
            "state": "ACTIVE",
            "terraform_labels": {},
            "timeouts": null,
            "update_time": "2024-01-04T05:21:44.129597122Z",
            "url": "https://us-central1-bigquery-example-403506.cloudfunctions.net/function-test"
          },
          "sensitive_attributes": [],
          "private": "eyJlMmJmYjczMC1lY2FhLTExZTYtOGY4OC0zNDM2M2JjN2M0YzAiOnsiY3JlYXRlIjozNjAwMDAwMDAwMDAwLCJkZWxldGUiOjM2MDAwMDAwMDAwMDAsInVwZGF0ZSI6MzYwMDAwMDAwMDAwMH19",
          "dependencies": [
            "data.archive_file.function_archive",
            "data.google_project.project",
            "google_project_iam_member.artifactregistry_reader",
            "google_project_iam_member.event_receiving",
            "google_project_iam_member.invoking",
            "google_service_account.default",
            "google_storage_bucket.source_bucket",
            "google_storage_bucket_object.archive"
          ]
        }
      ]
    },
    {
      "mode": "managed",
      "type": "google_project_iam_audit_config",
      "name": "audit-config",
      "provider": "provider[\"registry.terraform.io/hashicorp/google\"]",
      "instances": [
        {
          "index_key": "bigquerydatapolicy.googleapis.com",
          "schema_version": 0,
          "attributes": {
            "audit_log_config": [
              {
                "exempted_members": [],
                "log_type": "ADMIN_READ"
              },
              {
                "exempted_members": [],
                "log_type": "DATA_READ"
              },
              {
                "exempted_members": [],
                "log_type": "DATA_WRITE"
              }
            ],
            "etag": "BwYOF86fOQM=",
            "id": "bigquery-example-403506/audit_config/bigquerydatapolicy.googleapis.com",
            "project": "bigquery-example-403506",
            "service": "bigquerydatapolicy.googleapis.com"
          },
          "sensitive_attributes": [],
          "private": "bnVsbA=="
        }
      ]
    },
    {
      "mode": "managed",
      "type": "google_project_iam_member",
      "name": "artifactregistry_reader",
      "provider": "provider[\"registry.terraform.io/hashicorp/google\"]",
      "instances": [
        {
          "schema_version": 0,
          "attributes": {
            "condition": [],
            "etag": "BwYOF86fOQM=",
            "id": "bigquery-example-403506/roles/artifactregistry.reader/serviceAccount:test-gcf-sa@bigquery-example-403506.iam.gserviceaccount.com",
            "member": "serviceAccount:test-gcf-sa@bigquery-example-403506.iam.gserviceaccount.com",
            "project": "bigquery-example-403506",
            "role": "roles/artifactregistry.reader"
          },
          "sensitive_attributes": [],
          "private": "bnVsbA==",
          "dependencies": [
            "data.google_project.project",
            "google_project_iam_member.event_receiving",
            "google_project_iam_member.invoking",
            "google_service_account.default"
          ]
        }
      ]
    },
    {
      "mode": "managed",
      "type": "google_project_iam_member",
      "name": "event_receiving",
      "provider": "provider[\"registry.terraform.io/hashicorp/google\"]",
      "instances": [
        {
          "schema_version": 0,
          "attributes": {
            "condition": [],
            "etag": "BwYOF86fOQM=",
            "id": "bigquery-example-403506/roles/eventarc.eventReceiver/serviceAccount:test-gcf-sa@bigquery-example-403506.iam.gserviceaccount.com",
            "member": "serviceAccount:test-gcf-sa@bigquery-example-403506.iam.gserviceaccount.com",
            "project": "bigquery-example-403506",
            "role": "roles/eventarc.eventReceiver"
          },
          "sensitive_attributes": [],
          "private": "bnVsbA==",
          "dependencies": [
            "data.google_project.project",
            "google_project_iam_member.invoking",
            "google_service_account.default"
          ]
        }
      ]
    },
    {
      "mode": "managed",
      "type": "google_project_iam_member",
      "name": "invoking",
      "provider": "provider[\"registry.terraform.io/hashicorp/google\"]",
      "instances": [
        {
          "schema_version": 0,
          "attributes": {
            "condition": [],
            "etag": "BwYOF86fOQM=",
            "id": "bigquery-example-403506/roles/run.invoker/serviceAccount:test-gcf-sa@bigquery-example-403506.iam.gserviceaccount.com",
            "member": "serviceAccount:test-gcf-sa@bigquery-example-403506.iam.gserviceaccount.com",
            "project": "bigquery-example-403506",
            "role": "roles/run.invoker"
          },
          "sensitive_attributes": [],
          "private": "bnVsbA==",
          "dependencies": [
            "data.google_project.project",
            "google_service_account.default"
          ]
        }
      ]
    },
    {
      "mode": "managed",
      "type": "google_service_account",
      "name": "default",
      "provider": "provider[\"registry.terraform.io/hashicorp/google\"]",
      "instances": [
        {
          "schema_version": 0,
          "attributes": {
            "account_id": "test-gcf-sa",
            "description": "",
            "disabled": false,
            "display_name": "Test Service Account - used for both the cloud function and eventarc trigger in the test",
            "email": "test-gcf-sa@bigquery-example-403506.iam.gserviceaccount.com",
            "id": "projects/bigquery-example-403506/serviceAccounts/test-gcf-sa@bigquery-example-403506.iam.gserviceaccount.com",
            "member": "serviceAccount:test-gcf-sa@bigquery-example-403506.iam.gserviceaccount.com",
            "name": "projects/bigquery-example-403506/serviceAccounts/test-gcf-sa@bigquery-example-403506.iam.gserviceaccount.com",
            "project": "bigquery-example-403506",
            "timeouts": null,
            "unique_id": "104860368337716796396"
          },
          "sensitive_attributes": [],
          "private": "eyJlMmJmYjczMC1lY2FhLTExZTYtOGY4OC0zNDM2M2JjN2M0YzAiOnsiY3JlYXRlIjozMDAwMDAwMDAwMDB9fQ=="
        }
      ]
    },
    {
      "mode": "managed",
      "type": "google_storage_bucket",
      "name": "audit_log_bucket",
      "provider": "provider[\"registry.terraform.io/hashicorp/google\"]",
      "instances": [
        {
          "schema_version": 1,
          "attributes": {
            "autoclass": [],
            "cors": [],
            "custom_placement_config": [],
            "default_event_based_hold": false,
            "effective_labels": {},
            "enable_object_retention": false,
            "encryption": [],
            "force_destroy": false,
            "id": "d2b2451343d7ea64-gcf-auditlog-bucket",
            "labels": {},
            "lifecycle_rule": [],
            "location": "US-CENTRAL1",
            "logging": [],
            "name": "d2b2451343d7ea64-gcf-auditlog-bucket",
            "project": "bigquery-example-403506",
            "public_access_prevention": "inherited",
            "requester_pays": false,
            "retention_policy": [],
            "rpo": null,
            "self_link": "https://www.googleapis.com/storage/v1/b/d2b2451343d7ea64-gcf-auditlog-bucket",
            "storage_class": "STANDARD",
            "terraform_labels": {},
            "timeouts": null,
            "uniform_bucket_level_access": true,
            "url": "gs://d2b2451343d7ea64-gcf-auditlog-bucket",
            "versioning": [],
            "website": []
          },
          "sensitive_attributes": [],
          "private": "eyJlMmJmYjczMC1lY2FhLTExZTYtOGY4OC0zNDM2M2JjN2M0YzAiOnsiY3JlYXRlIjo2MDAwMDAwMDAwMDAsInJlYWQiOjI0MDAwMDAwMDAwMCwidXBkYXRlIjoyNDAwMDAwMDAwMDB9LCJzY2hlbWFfdmVyc2lvbiI6IjEifQ==",
          "dependencies": [
            "random_id.bucket_prefix"
          ]
        }
      ]
    },
    {
      "mode": "managed",
      "type": "google_storage_bucket",
      "name": "source_bucket",
      "provider": "provider[\"registry.terraform.io/hashicorp/google\"]",
      "instances": [
        {
          "schema_version": 1,
          "attributes": {
            "autoclass": [],
            "cors": [],
            "custom_placement_config": [],
            "default_event_based_hold": false,
            "effective_labels": {},
            "enable_object_retention": false,
            "encryption": [],
            "force_destroy": false,
            "id": "go-bigquery-bucket",
            "labels": {},
            "lifecycle_rule": [],
            "location": "US",
            "logging": [],
            "name": "go-bigquery-bucket",
            "project": "bigquery-example-403506",
            "public_access_prevention": "inherited",
            "requester_pays": false,
            "retention_policy": [],
            "rpo": "DEFAULT",
            "self_link": "https://www.googleapis.com/storage/v1/b/go-bigquery-bucket",
            "storage_class": "STANDARD",
            "terraform_labels": {},
            "timeouts": null,
            "uniform_bucket_level_access": true,
            "url": "gs://go-bigquery-bucket",
            "versioning": [],
            "website": []
          },
          "sensitive_attributes": [],
          "private": "eyJlMmJmYjczMC1lY2FhLTExZTYtOGY4OC0zNDM2M2JjN2M0YzAiOnsiY3JlYXRlIjo2MDAwMDAwMDAwMDAsInJlYWQiOjI0MDAwMDAwMDAwMCwidXBkYXRlIjoyNDAwMDAwMDAwMDB9LCJzY2hlbWFfdmVyc2lvbiI6IjEifQ=="
        }
      ]
    },
    {
      "mode": "managed",
      "type": "google_storage_bucket_object",
      "name": "archive",
      "provider": "provider[\"registry.terraform.io/hashicorp/google\"]",
      "instances": [
        {
          "schema_version": 0,
          "attributes": {
            "bucket": "go-bigquery-bucket",
            "cache_control": "",
            "content": null,
            "content_disposition": "",
            "content_encoding": "",
            "content_language": "",
            "content_type": "application/zip",
            "crc32c": "i+yvig==",
            "customer_encryption": [],
            "detect_md5hash": "Cdnu04TjGI8iiAMt0LQHsA==",
            "event_based_hold": false,
            "id": "go-bigquery-bucket-action_240104051952.zip",
            "kms_key_name": "",
            "md5hash": "Cdnu04TjGI8iiAMt0LQHsA==",
            "media_link": "https://storage.googleapis.com/download/storage/v1/b/go-bigquery-bucket/o/action_240104051952.zip?generation=1704345603772425\u0026alt=media",
            "metadata": null,
            "name": "action_240104051952.zip",
            "output_name": "action_240104051952.zip",
            "retention": [],
            "self_link": "https://www.googleapis.com/storage/v1/b/go-bigquery-bucket/o/action_240104051952.zip",
            "source": "app/action_240104051952.zip",
            "storage_class": "STANDARD",
            "temporary_hold": false,
            "timeouts": null
          },
          "sensitive_attributes": [],
          "private": "eyJlMmJmYjczMC1lY2FhLTExZTYtOGY4OC0zNDM2M2JjN2M0YzAiOnsiY3JlYXRlIjoyNDAwMDAwMDAwMDAsImRlbGV0ZSI6MjQwMDAwMDAwMDAwLCJ1cGRhdGUiOjI0MDAwMDAwMDAwMH19",
          "dependencies": [
            "data.archive_file.function_archive",
            "google_storage_bucket.source_bucket"
          ]
        }
      ]
    },
    {
      "mode": "managed",
      "type": "random_id",
      "name": "bucket_prefix",
      "provider": "provider[\"registry.terraform.io/hashicorp/random\"]",
      "instances": [
        {
          "schema_version": 0,
          "attributes": {
            "b64_std": "0rJFE0PX6mQ=",
            "b64_url": "0rJFE0PX6mQ",
            "byte_length": 8,
            "dec": "15182273242864282212",
            "hex": "d2b2451343d7ea64",
            "id": "0rJFE0PX6mQ",
            "keepers": null,
            "prefix": null
          },
          "sensitive_attributes": []
        }
      ]
    }
  ],
  "check_results": null
}
